
Microsoft Visual Studio Solution File, Format Version 12.00
# Visual Studio Version 17
VisualStudioVersion = 17.14.37216.2 d17.14
MinimumVisualStudioVersion = 10.0.40219.1
Project("{FAE04EC0-301F-11D3-BF4B-00C04F79EFBC}") = "UniPlayer", "UniPlayer\UniPlayer.csproj", "{C4CD8049-4821-4198-B684-52DB1FE44947}"
EndProject
Global
	GlobalSection(SolutionConfigurationPlatforms) = preSolution
		Debug|Any CPU = Debug|Any CPU
		Release|Any CPU = Release|Any CPU
	EndGlobalSection
	GlobalSection(ProjectConfigurationPlatforms) = postSolution
		{C4CD8049-4821-4198-B684-52DB1FE44947}.Debug|Any CPU.ActiveCfg = Debug|Any CPU
		{C4CD8049-4821-4198-B684-52DB1FE44947}.Debug|Any CPU.Build.0 = Debug|Any CPU
		{C4CD8049-4821-4198-B684-52DB1FE44947}.Release|Any CPU.ActiveCfg = Release|Any CPU
		{C4CD8049-4821-4198-B684-52DB1FE44947}.Release|Any CPU.Build.0 = Release|Any CPU
	EndGlobalSection
	GlobalSection(SolutionProperties) = preSolution
		HideSolutionNode = FALSE
	EndGlobalSection
	GlobalSection(ExtensibilityGlobals) = postSolution
		SolutionGuid = {C42F06CF-72D1-49DF-967C-1D92B8A11B8C}
	EndGlobalSection
EndGlobal
